
Microsoft Visual Studio Solution File, Format Version 12.00
# Visual Studio Version 16
VisualStudioVersion = 16.0.31729.503
MinimumVisualStudioVersion = 10.0.40219.1
Project("{FAE04EC0-301F-11D3-BF4B-00C04F79EFBC}") = "ProcessManagmentApp", "ProcessManagmentApp\ProcessManagmentApp.csproj", "{228613B4-364B-485C-A34A-5A13030DE52E}"
EndProject
Global
	GlobalSection(SolutionConfigurationPlatforms) = preSolution
		Debug|Any CPU = Debug|Any CPU
		Release|Any CPU = Release|Any CPU
	EndGlobalSection
	GlobalSection(ProjectConfigurationPlatforms) = postSolution
		{228613B4-364B-485C-A34A-5A13030DE52E}.Debug|Any CPU.ActiveCfg = Debug|Any CPU
		{228613B4-364B-485C-A34A-5A13030DE52E}.Debug|Any CPU.Build.0 = Debug|Any CPU
		{228613B4-364B-485C-A34A-5A13030DE52E}.Release|Any CPU.ActiveCfg = Release|Any CPU
		{228613B4-364B-485C-A34A-5A13030DE52E}.Release|Any CPU.Build.0 = Release|Any CPU
	EndGlobalSection
	GlobalSection(SolutionProperties) = preSolution
		HideSolutionNode = FALSE
	EndGlobalSection
	GlobalSection(ExtensibilityGlobals) = postSolution
		SolutionGuid = {FD925421-8EAE-4AB8-B8FC-CEFFA3C23FEF}
	EndGlobalSection
EndGlobal
